# This file is autogenerated, do not edit; changes may be undone by the next 'dep ensure'.


[[projects]]
  branch = "master"
  name = "bitbucket.org/subiz/map"
  packages = ["."]
  revision = "90875618b8ac943fd3e5afcfdcb594422f17d907"

[[projects]]
  name = "github.com/go-redis/redis"
  packages = [
    ".",
    "internal",
    "internal/consistenthash",
    "internal/hashtag",
    "internal/pool",
    "internal/proto",
    "internal/singleflight",
    "internal/util"
  ]
  revision = "68362cfda1eeb3a69316e7bc00169a9a8de4823a"
  version = "v6.9.2"

[solve-meta]
  analyzer-name = "dep"
  analyzer-version = 1
  inputs-digest = "f66c5352b6ee76fc5e8588b91a2223313184eb93fc82e41882f291a8374a1a7f"
  solver-name = "gps-cdcl"
  solver-version = 1
